lockfileVersion: 5.3

specifiers:
  playwright: ^1.12.3

dependencies:
  playwright: 1.12.3

packages:

  /@types/node/15.12.5:
    resolution: {integrity: sha1-mngxikXXXJUj0jlhMb08ylSy0YU=}
    dev: false
    optional: true

  /@types/yauzl/2.9.1:
    resolution: {integrity: sha1-0Q9p+fUi7vPPmOMK+2hKHh7JI68=}
    dependencies:
      '@types/node': 15.12.5
    dev: false
    optional: true

  /agent-base/6.0.2:
    resolution: {integrity: sha1-Sf/1hXfP7j83F2/qtMIuAPhtf3c=}
    engines: {node: '>= 6.0.0'}
    dependencies:
      debug: 4.3.1
    transitivePeerDependencies:
      - supports-color
    dev: false

  /balanced-match/1.0.2:
    resolution: {integrity: sha1-6D46fj8wCzTLnYf2FfoMvzV2kO4=}
    dev: false

  /brace-expansion/1.1.11:
    resolution: {integrity: sha1-PH/L9SnYcibz0vUrlm/1Jx60Qd0=}
    dependencies:
      balanced-match: 1.0.2
      concat-map: 0.0.1
    dev: false

  /buffer-crc32/0.2.13:
    resolution: {integrity: sha1-DTM+PwDqxQqhRUq9MO+MKl2ackI=}
    dev: false

  /commander/6.2.1:
    resolution: {integrity: sha1-B5LraC37wyWZm7K4T93duhEKxzw=}
    engines: {node: '>= 6'}
    dev: false

  /concat-map/0.0.1:
    resolution: {integrity: sha1-2Klr13/Wjfd5OnMDajug1UBdR3s=}
    dev: false

  /debug/4.3.1:
    resolution: {integrity: sha1-8NIpxQXgxtjEmsVT0bE9wYP2su4=}
    engines: {node: '>=6.0'}
    peerDependencies:
      supports-color: '*'
    peerDependenciesMeta:
      supports-color:
        optional: true
    dependencies:
      ms: 2.1.2
    dev: false

  /end-of-stream/1.4.4:
    resolution: {integrity: sha1-WuZKX0UFe682JuwU2gyl5LJDHrA=}
    dependencies:
      once: 1.4.0
    dev: false

  /escape-string-regexp/2.0.0:
    resolution: {integrity: sha1-owME6Z2qMuI7L9IPUbq9B8/8o0Q=}
    engines: {node: '>=8'}
    dev: false

  /extract-zip/2.0.1:
    resolution: {integrity: sha1-Zj3KVv5G34kNXxMe9KBtIruLoTo=}
    engines: {node: '>= 10.17.0'}
    hasBin: true
    dependencies:
      debug: 4.3.1
      get-stream: 5.2.0
      yauzl: 2.10.0
    optionalDependencies:
      '@types/yauzl': 2.9.1
    transitivePeerDependencies:
      - supports-color
    dev: false

  /fd-slicer/1.1.0:
    resolution: {integrity: sha1-JcfInLH5B3+IkbvmHY85Dq4lbx4=}
    dependencies:
      pend: 1.2.0
    dev: false

  /fs.realpath/1.0.0:
    resolution: {integrity: sha1-FQStJSMVjKpA20onh8sBQRmU6k8=}
    dev: false

  /get-stream/5.2.0:
    resolution: {integrity: sha1-SWaheV7lrOZecGxLe+txJX1uItM=}
    engines: {node: '>=8'}
    dependencies:
      pump: 3.0.0
    dev: false

  /glob/7.1.7:
    resolution: {integrity: sha1-Oxk+kjPwHULQs/eClLvutBj5SpA=}
    dependencies:
      fs.realpath: 1.0.0
      inflight: 1.0.6
      inherits: 2.0.4
      minimatch: 3.0.4
      once: 1.4.0
      path-is-absolute: 1.0.1
    dev: false

  /graceful-fs/4.2.6:
    resolution: {integrity: sha1-/wQLKwhTsjw9MQJ1I3BvGIXXa+4=}
    dev: false

  /https-proxy-agent/5.0.0:
    resolution: {integrity: sha1-4qkFQqu2inYuCghQ9sntrf2FBrI=}
    engines: {node: '>= 6'}
    dependencies:
      agent-base: 6.0.2
      debug: 4.3.1
    transitivePeerDependencies:
      - supports-color
    dev: false

  /inflight/1.0.6:
    resolution: {integrity: sha1-Sb1jMdfQLQwJvJEKEHW6gWW1bfk=}
    dependencies:
      once: 1.4.0
      wrappy: 1.0.2
    dev: false

  /inherits/2.0.4:
    resolution: {integrity: sha1-D6LGT5MpF8NDOg3tVTY6rjdBa3w=}
    dev: false

  /jpeg-js/0.4.3:
    resolution: {integrity: sha1-YVjgnxmDrXc4E3BL6AaAVQ7/l3s=}
    dev: false

  /mime/2.5.2:
    resolution: {integrity: sha1-bj3GzCuVEGQ4MOXxnVy3U9pe6r4=}
    engines: {node: '>=4.0.0'}
    hasBin: true
    dev: false

  /minimatch/3.0.4:
    resolution: {integrity: sha1-UWbihkV/AzBgZL5Ul+jbsMPTIIM=}
    dependencies:
      brace-expansion: 1.1.11
    dev: false

  /ms/2.1.2:
    resolution: {integrity: sha1-0J0fNXtEP0kzgqjrPM0YOHKuYAk=}
    dev: false

  /once/1.4.0:
    resolution: {integrity: sha1-WDsap3WWHUsROsF9nFC6753Xa9E=}
    dependencies:
      wrappy: 1.0.2
    dev: false

  /path-is-absolute/1.0.1:
    resolution: {integrity: sha1-F0uSaHNVNP+8es5r9TpanhtcX18=}
    engines: {node: '>=0.10.0'}
    dev: false

  /pend/1.2.0:
    resolution: {integrity: sha1-elfrVQpng/kRUzH89GY9XI4AelA=}
    dev: false

  /playwright/1.12.3:
    resolution: {integrity: sha1-ETr6LLoQ+1bppbMHN3ND4yoVWpk=}
    engines: {node: '>=12'}
    hasBin: true
    requiresBuild: true
    dependencies:
      commander: 6.2.1
      debug: 4.3.1
      extract-zip: 2.0.1
      https-proxy-agent: 5.0.0
      jpeg-js: 0.4.3
      mime: 2.5.2
      pngjs: 5.0.0
      progress: 2.0.3
      proper-lockfile: 4.1.2
      proxy-from-env: 1.1.0
      rimraf: 3.0.2
      stack-utils: 2.0.3
      ws: 7.5.1
      yazl: 2.5.1
    transitivePeerDependencies:
      - bufferutil
      - supports-color
      - utf-8-validate
    dev: false

  /pngjs/5.0.0:
    resolution: {integrity: sha1-553SshV2f9nARWHAEjbflgvOf7s=}
    engines: {node: '>=10.13.0'}
    dev: false

  /progress/2.0.3:
    resolution: {integrity: sha1-foz42PW48jnBvGi+tOt4Vn1XLvg=}
    engines: {node: '>=0.4.0'}
    dev: false

  /proper-lockfile/4.1.2:
    resolution: {integrity: sha1-yLneKvay8WAQZ/mOAaxmuqIjFB8=}
    dependencies:
      graceful-fs: 4.2.6
      retry: 0.12.0
      signal-exit: 3.0.3
    dev: false

  /proxy-from-env/1.1.0:
    resolution: {integrity: sha1-4QLxbKNVQkhldV0sno6k8k1Yw+I=}
    dev: false

  /pump/3.0.0:
    resolution: {integrity: sha1-tKIRaBW94vTh6mAjVOjHVWUQemQ=}
    dependencies:
      end-of-stream: 1.4.4
      once: 1.4.0
    dev: false

  /retry/0.12.0:
    resolution: {integrity: sha1-G0KmJmoh8HQh0bC1S33BZ7AcATs=}
    engines: {node: '>= 4'}
    dev: false

  /rimraf/3.0.2:
    resolution: {integrity: sha1-8aVAK6YiCtUswSgrrBrjqkn9Bho=}
    hasBin: true
    dependencies:
      glob: 7.1.7
    dev: false

  /signal-exit/3.0.3:
    resolution: {integrity: sha1-oUEMLt2PB3sItOJTyOrPyvBXRhw=}
    dev: false

  /stack-utils/2.0.3:
    resolution: {integrity: sha1-zV8DASb/EWt4zLPAJ/4wJxO2Enc=}
    engines: {node: '>=10'}
    dependencies:
      escape-string-regexp: 2.0.0
    dev: false

  /wrappy/1.0.2:
    resolution: {integrity: sha1-tSQ9jz7BqjXxNkYFvA0QNuMKtp8=}
    dev: false

  /ws/7.5.1:
    resolution: {integrity: sha1-RPwADYftsdnFPlH7xpoKwfaHHWY=}
    engines: {node: '>=8.3.0'}
    peerDependencies:
      bufferutil: ^4.0.1
      utf-8-validate: ^5.0.2
    peerDependenciesMeta:
      bufferutil:
        optional: true
      utf-8-validate:
        optional: true
    dev: false

  /yauzl/2.10.0:
    resolution: {integrity: sha1-x+sXyT4RLLEIb6bY5R+wZnt5pfk=}
    dependencies:
      buffer-crc32: 0.2.13
      fd-slicer: 1.1.0
    dev: false

  /yazl/2.5.1:
    resolution: {integrity: sha1-o9ZdPdZZpbCTeFDoYJ8i//orXDU=}
    dependencies:
      buffer-crc32: 0.2.13
    dev: false
